# THIS IS AN AUTOGENERATED FILE. DO NOT EDIT THIS FILE DIRECTLY.
# yarn lockfile v1


"@babel/helper-annotate-as-pure@^7.22.5":
  version "7.22.5"
  resolved "https://registry.yarnpkg.com/@babel/helper-annotate-as-pure/-/helper-annotate-as-pure-7.22.5.tgz#e7f06737b197d580a01edf75d97e2c8be99d3882"
  integrity sha512-LvBTxu8bQSQkcyKOU+a1btnNFQ1dMAd0R6PyW3arXes06F6QLWLIrd681bxRPIXlrMGR3XYnW9JyML7dP3qgxg==
  dependencies:
    "@babel/types" "^7.22.5"

"@babel/helper-module-imports@^7.22.15":
  version "7.22.15"
  resolved "https://registry.yarnpkg.com/@babel/helper-module-imports/-/helper-module-imports-7.22.15.tgz#16146307acdc40cc00c3b2c647713076464bdbf0"
  integrity sha512-0pYVBnDKZO2fnSPCrgM/6WMc7eS20Fbok+0r88fp+YtWVLZrp4CkafFGIp+W0VKw4a22sgebPT99y+FDNMdP4w==
  dependencies:
    "@babel/types" "^7.22.15"

"@babel/helper-plugin-utils@^7.22.5":
  version "7.22.5"
  resolved "https://registry.yarnpkg.com/@babel/helper-plugin-utils/-/helper-plugin-utils-7.22.5.tgz#dd7ee3735e8a313b9f7b05a773d892e88e6d7295"
  integrity sha512-uLls06UVKgFG9QD4OeFYLEGteMIAa5kpTPcFL28yuCIIzsf6ZyKZMllKVOCZFhiZ5ptnwX4mtKdWCBE/uT4amg==

"@babel/helper-string-parser@^7.22.5":
  version "7.22.5"
  resolved "https://registry.yarnpkg.com/@babel/helper-string-parser/-/helper-string-parser-7.22.5.tgz#533f36457a25814cf1df6488523ad547d784a99f"
  integrity sha512-mM4COjgZox8U+JcXQwPijIZLElkgEpO5rsERVDJTc2qfCDfERyob6k5WegS14SX18IIjv+XD+GrqNumY5JRCDw==

"@babel/helper-validator-identifier@^7.22.20":
  version "7.22.20"
  resolved "https://registry.yarnpkg.com/@babel/helper-validator-identifier/-/helper-validator-identifier-7.22.20.tgz#c4ae002c61d2879e724581d96665583dbc1dc0e0"
  integrity sha512-Y4OZ+ytlatR8AI+8KZfKuL5urKp7qey08ha31L8b3BwewJAoJamTzyvxPR/5D+KkdJCGPq/+8TukHBlY10FX9A==

"@babel/helper-validator-option@^7.22.15":
  version "7.22.15"
  resolved "https://registry.yarnpkg.com/@babel/helper-validator-option/-/helper-validator-option-7.22.15.tgz#694c30dfa1d09a6534cdfcafbe56789d36aba040"
  integrity sha512-bMn7RmyFjY/mdECUbgn9eoSY4vqvacUnS9i9vGAGttgFWesO6B4CYWA7XlpbWgBt71iv/hfbPlynohStqnu5hA==

"@babel/plugin-syntax-jsx@^7.22.5":
  version "7.22.5"
  resolved "https://registry.yarnpkg.com/@babel/plugin-syntax-jsx/-/plugin-syntax-jsx-7.22.5.tgz#a6b68e84fb76e759fc3b93e901876ffabbe1d918"
  integrity sha512-gvyP4hZrgrs/wWMaocvxZ44Hw0b3W8Pe+cMxc8V1ULQ07oh8VNbIRaoD1LRZVTvD+0nieDKjfgKg89sD7rrKrg==
  dependencies:
    "@babel/helper-plugin-utils" "^7.22.5"

"@babel/plugin-transform-react-display-name@^7.22.5":
  version "7.22.5"
  resolved "https://registry.yarnpkg.com/@babel/plugin-transform-react-display-name/-/plugin-transform-react-display-name-7.22.5.tgz#3c4326f9fce31c7968d6cb9debcaf32d9e279a2b"
  integrity sha512-PVk3WPYudRF5z4GKMEYUrLjPl38fJSKNaEOkFuoprioowGuWN6w2RKznuFNSlJx7pzzXXStPUnNSOEO0jL5EVw==
  dependencies:
    "@babel/helper-plugin-utils" "^7.22.5"

"@babel/plugin-transform-react-jsx-development@^7.22.5":
  version "7.22.5"
  resolved "https://registry.yarnpkg.com/@babel/plugin-transform-react-jsx-development/-/plugin-transform-react-jsx-development-7.22.5.tgz#e716b6edbef972a92165cd69d92f1255f7e73e87"
  integrity sha512-bDhuzwWMuInwCYeDeMzyi7TaBgRQei6DqxhbyniL7/VG4RSS7HtSL2QbY4eESy1KJqlWt8g3xeEBGPuo+XqC8A==
  dependencies:
    "@babel/plugin-transform-react-jsx" "^7.22.5"

"@babel/plugin-transform-react-jsx@^7.22.15", "@babel/plugin-transform-react-jsx@^7.22.5":
  version "7.22.15"
  resolved "https://registry.yarnpkg.com/@babel/plugin-transform-react-jsx/-/plugin-transform-react-jsx-7.22.15.tgz#7e6266d88705d7c49f11c98db8b9464531289cd6"
  integrity sha512-oKckg2eZFa8771O/5vi7XeTvmM6+O9cxZu+kanTU7tD4sin5nO/G8jGJhq8Hvt2Z0kUoEDRayuZLaUlYl8QuGA==
  dependencies:
    "@babel/helper-annotate-as-pure" "^7.22.5"
    "@babel/helper-module-imports" "^7.22.15"
    "@babel/helper-plugin-utils" "^7.22.5"
    "@babel/plugin-syntax-jsx" "^7.22.5"
    "@babel/types" "^7.22.15"

"@babel/plugin-transform-react-pure-annotations@^7.22.5":
  version "7.22.5"
  resolved "https://registry.yarnpkg.com/@babel/plugin-transform-react-pure-annotations/-/plugin-transform-react-pure-annotations-7.22.5.tgz#1f58363eef6626d6fa517b95ac66fe94685e32c0"
  integrity sha512-gP4k85wx09q+brArVinTXhWiyzLl9UpmGva0+mWyKxk6JZequ05x3eUcIUE+FyttPKJFRRVtAvQaJ6YF9h1ZpA==
  dependencies:
    "@babel/helper-annotate-as-pure" "^7.22.5"
    "@babel/helper-plugin-utils" "^7.22.5"

"@babel/preset-react@^7.22.15":
  version "7.22.15"
  resolved "https://registry.yarnpkg.com/@babel/preset-react/-/preset-react-7.22.15.tgz#9a776892b648e13cc8ca2edf5ed1264eea6b6afc"
  integrity sha512-Csy1IJ2uEh/PecCBXXoZGAZBeCATTuePzCSB7dLYWS0vOEj6CNpjxIhW4duWwZodBNueH7QO14WbGn8YyeuN9w==
  dependencies:
    "@babel/helper-plugin-utils" "^7.22.5"
    "@babel/helper-validator-option" "^7.22.15"
    "@babel/plugin-transform-react-display-name" "^7.22.5"
    "@babel/plugin-transform-react-jsx" "^7.22.15"
    "@babel/plugin-transform-react-jsx-development" "^7.22.5"
    "@babel/plugin-transform-react-pure-annotations" "^7.22.5"

"@babel/types@^7.22.15", "@babel/types@^7.22.5":
  version "7.23.0"
  resolved "https://registry.yarnpkg.com/@babel/types/-/types-7.23.0.tgz#8c1f020c9df0e737e4e247c0619f58c68458aaeb"
  integrity sha512-0oIyUfKoI3mSqMvsxBdclDwxXKXAUA8v/apZbc+iSyARYou1o8ZGDxbUYyLFoW2arqS2jDGqJuZvv1d/io1axg==
  dependencies:
    "@babel/helper-string-parser" "^7.22.5"
    "@babel/helper-validator-identifier" "^7.22.20"
    to-fast-properties "^2.0.0"

to-fast-properties@^2.0.0:
  version "2.0.0"
  resolved "https://registry.yarnpkg.com/to-fast-properties/-/to-fast-properties-2.0.0.tgz#dc5e698cbd079265bc73e0377681a4e4e83f616e"
  integrity sha512-/OaKK0xYrs3DmxRYqL/yDc+FxFUVYhDlXMhRmv3z915w2HF1tnN1omB354j8VUGO/hbRzyD6Y3sA7v7GS/ceog==
